// !$*UTF8*$!
{
	archiveVersion = 1;
	classes = {
	};
	objectVersion = 51;
	objects = {

/* Begin PBXBuildFile section */
		0660939291000901334B975B /* Pods_RentalApp.framework in Frameworks */ = {isa = PBXBuildFile; fileRef = C84E9ABE7CF31E94DD3BB5C0 /* Pods_RentalApp.framework */; };
		7757E78A2479292100FDE31A /* StartViewController.swift in Sources */ = {isa = PBXBuildFile; fileRef = 7757E7892479292100FDE31A /* StartViewController.swift */; };
		7757E78D24795BE900FDE31A /* Apartments.storyboard in Resources */ = {isa = PBXBuildFile; fileRef = 7757E78C24795BE900FDE31A /* Apartments.storyboard */; };
		7757E78F24795C0600FDE31A /* ApartmentsViewController.swift in Sources */ = {isa = PBXBuildFile; fileRef = 7757E78E24795C0600FDE31A /* ApartmentsViewController.swift */; };
		7757E7912479673900FDE31A /* ApartmentViewController.swift in Sources */ = {isa = PBXBuildFile; fileRef = 7757E7902479673900FDE31A /* ApartmentViewController.swift */; };
		7757E794247AA02300FDE31A /* Booking.storyboard in Resources */ = {isa = PBXBuildFile; fileRef = 7757E793247AA02300FDE31A /* Booking.storyboard */; };
		7757E796247AA03000FDE31A /* BookingViewController.swift in Sources */ = {isa = PBXBuildFile; fileRef = 7757E795247AA03000FDE31A /* BookingViewController.swift */; };
		7757E799247AB22D00FDE31A /* BookingsList.storyboard in Resources */ = {isa = PBXBuildFile; fileRef = 7757E798247AB22D00FDE31A /* BookingsList.storyboard */; };
		7757E79B247AB24400FDE31A /* BookingsListViewController.swift in Sources */ = {isa = PBXBuildFile; fileRef = 7757E79A247AB24400FDE31A /* BookingsListViewController.swift */; };
		7757E79F247AB31500FDE31A /* BookingTableViewCell.swift in Sources */ = {isa = PBXBuildFile; fileRef = 7757E79D247AB31500FDE31A /* BookingTableViewCell.swift */; };
		7757E7A0247AB31500FDE31A /* BookingTableViewCell.xib in Resources */ = {isa = PBXBuildFile; fileRef = 7757E79E247AB31500FDE31A /* BookingTableViewCell.xib */; };
		7757E7A2247AB3FC00FDE31A /* Booking.swift in Sources */ = {isa = PBXBuildFile; fileRef = 7757E7A1247AB3FC00FDE31A /* Booking.swift */; };
		778C485B247694DB0046C727 /* GlobalData.swift in Sources */ = {isa = PBXBuildFile; fileRef = 778C485A247694DB0046C727 /* GlobalData.swift */; };
		778C485D247695210046C727 /* Menu.storyboard in Resources */ = {isa = PBXBuildFile; fileRef = 778C485C247695210046C727 /* Menu.storyboard */; };
		778C4860247698190046C727 /* ProfileViewController.swift in Sources */ = {isa = PBXBuildFile; fileRef = 778C485F247698190046C727 /* ProfileViewController.swift */; };
		778C48622476982E0046C727 /* Profile.storyboard in Resources */ = {isa = PBXBuildFile; fileRef = 778C48612476982E0046C727 /* Profile.storyboard */; };
		778C486424769C830046C727 /* MenuViewController.swift in Sources */ = {isa = PBXBuildFile; fileRef = 778C486324769C830046C727 /* MenuViewController.swift */; };
		779394B82474490C0071438F /* User.swift in Sources */ = {isa = PBXBuildFile; fileRef = 779394B72474490C0071438F /* User.swift */; };
		779394BB247451B90071438F /* TextField.swift in Sources */ = {isa = PBXBuildFile; fileRef = 779394BA247451B90071438F /* TextField.swift */; };
		779394BD247455570071438F /* ViewController.swift in Sources */ = {isa = PBXBuildFile; fileRef = 779394BC247455570071438F /* ViewController.swift */; };
		77BB01A62476F222004483E9 /* AdminViewController.swift in Sources */ = {isa = PBXBuildFile; fileRef = 77BB01A52476F222004483E9 /* AdminViewController.swift */; };
		77BB01A82476F22A004483E9 /* Admin.storyboard in Resources */ = {isa = PBXBuildFile; fileRef = 77BB01A72476F22A004483E9 /* Admin.storyboard */; };
		77BB01AB2476F730004483E9 /* Apartment.swift in Sources */ = {isa = PBXBuildFile; fileRef = 77BB01AA2476F730004483E9 /* Apartment.swift */; };
		77BB01AD2476F7D9004483E9 /* ApartmentTableViewCell.swift in Sources */ = {isa = PBXBuildFile; fileRef = 77BB01AC2476F7D9004483E9 /* ApartmentTableViewCell.swift */; };
		77BB01AF2476F7EE004483E9 /* ApartmentTableViewCell.xib in Resources */ = {isa = PBXBuildFile; fileRef = 77BB01AE2476F7EE004483E9 /* ApartmentTableViewCell.xib */; };
		77BB01B22476FA17004483E9 /* ImageView.swift in Sources */ = {isa = PBXBuildFile; fileRef = 77BB01B12476FA17004483E9 /* ImageView.swift */; };
		77BB01B4247702BB004483E9 /* NewApartmentViewController.swift in Sources */ = {isa = PBXBuildFile; fileRef = 77BB01B3247702BB004483E9 /* NewApartmentViewController.swift */; };
		77BF0C8E2472F1E8007E422B /* AppDelegate.swift in Sources */ = {isa = PBXBuildFile; fileRef = 77BF0C8D2472F1E8007E422B /* AppDelegate.swift */; };
		77BF0C902472F1E8007E422B /* SceneDelegate.swift in Sources */ = {isa = PBXBuildFile; fileRef = 77BF0C8F2472F1E8007E422B /* SceneDelegate.swift */; };
		77BF0C922472F1E8007E422B /* InitialViewController.swift in Sources */ = {isa = PBXBuildFile; fileRef = 77BF0C912472F1E8007E422B /* InitialViewController.swift */; };
		77BF0C952472F1E8007E422B /* Main.storyboard in Resources */ = {isa = PBXBuildFile; fileRef = 77BF0C932472F1E8007E422B /* Main.storyboard */; };
		77BF0C972472F1EB007E422B /* Assets.xcassets in Resources */ = {isa = PBXBuildFile; fileRef = 77BF0C962472F1EB007E422B /* Assets.xcassets */; };
		77BF0C9A2472F1EB007E422B /* LaunchScreen.storyboard in Resources */ = {isa = PBXBuildFile; fileRef = 77BF0C982472F1EB007E422B /* LaunchScreen.storyboard */; };
		77BF0CA22472F64A007E422B /* SignInViewController.swift in Sources */ = {isa = PBXBuildFile; fileRef = 77BF0CA12472F64A007E422B /* SignInViewController.swift */; };
		77BF0CA42472F652007E422B /* SignUpViewController.swift in Sources */ = {isa = PBXBuildFile; fileRef = 77BF0CA32472F652007E422B /* SignUpViewController.swift */; };
		77BF0CAB2472F6F3007E422B /* SignIn.storyboard in Resources */ = {isa = PBXBuildFile; fileRef = 77BF0CAA2472F6F3007E422B /* SignIn.storyboard */; };
		77BF0CAD2472F73D007E422B /* SignUp.storyboard in Resources */ = {isa = PBXBuildFile; fileRef = 77BF0CAC2472F73D007E422B /* SignUp.storyboard */; };
/* End PBXBuildFile section */

/* Begin PBXFileReference section */
		2B1F8739A16394529F446FB7 /* Pods-RentalApp.release.xcconfig */ = {isa = PBXFileReference; includeInIndex = 1; lastKnownFileType = text.xcconfig; name = "Pods-RentalApp.release.xcconfig"; path = "Target Support Files/Pods-RentalApp/Pods-RentalApp.release.xcconfig"; sourceTree = "<group>"; };
		7757E7892479292100FDE31A /* StartViewController.swift */ = {isa = PBXFileReference; lastKnownFileType = sourcecode.swift; path = StartViewController.swift; sourceTree = "<group>"; };
		7757E78C24795BE900FDE31A /* Apartments.storyboard */ = {isa = PBXFileReference; lastKnownFileType = file.storyboard; path = Apartments.storyboard; sourceTree = "<group>"; };
		7757E78E24795C0600FDE31A /* ApartmentsViewController.swift */ = {isa = PBXFileReference; lastKnownFileType = sourcecode.swift; path = ApartmentsViewController.swift; sourceTree = "<group>"; };
		7757E7902479673900FDE31A /* ApartmentViewController.swift */ = {isa = PBXFileReference; lastKnownFileType = sourcecode.swift; path = ApartmentViewController.swift; sourceTree = "<group>"; };
		7757E793247AA02300FDE31A /* Booking.storyboard */ = {isa = PBXFileReference; lastKnownFileType = file.storyboard; path = Booking.storyboard; sourceTree = "<group>"; };
		7757E795247AA03000FDE31A /* BookingViewController.swift */ = {isa = PBXFileReference; lastKnownFileType = sourcecode.swift; path = BookingViewController.swift; sourceTree = "<group>"; };
		7757E798247AB22D00FDE31A /* BookingsList.storyboard */ = {isa = PBXFileReference; lastKnownFileType = file.storyboard; path = BookingsList.storyboard; sourceTree = "<group>"; };
		7757E79A247AB24400FDE31A /* BookingsListViewController.swift */ = {isa = PBXFileReference; lastKnownFileType = sourcecode.swift; path = BookingsListViewController.swift; sourceTree = "<group>"; };
		7757E79D247AB31500FDE31A /* BookingTableViewCell.swift */ = {isa = PBXFileReference; lastKnownFileType = sourcecode.swift; path = BookingTableViewCell.swift; sourceTree = "<group>"; };
		7757E79E247AB31500FDE31A /* BookingTableViewCell.xib */ = {isa = PBXFileReference; lastKnownFileType = file.xib; path = BookingTableViewCell.xib; sourceTree = "<group>"; };
		7757E7A1247AB3FC00FDE31A /* Booking.swift */ = {isa = PBXFileReference; lastKnownFileType = sourcecode.swift; path = Booking.swift; sourceTree = "<group>"; };
		778C485A247694DB0046C727 /* GlobalData.swift */ = {isa = PBXFileReference; lastKnownFileType = sourcecode.swift; path = GlobalData.swift; sourceTree = "<group>"; };
		778C485C247695210046C727 /* Menu.storyboard */ = {isa = PBXFileReference; lastKnownFileType = file.storyboard; path = Menu.storyboard; sourceTree = "<group>"; };
		778C485F247698190046C727 /* ProfileViewController.swift */ = {isa = PBXFileReference; lastKnownFileType = sourcecode.swift; path = ProfileViewController.swift; sourceTree = "<group>"; };
		778C48612476982E0046C727 /* Profile.storyboard */ = {isa = PBXFileReference; fileEncoding = 4; lastKnownFileType = file.storyboard; name = Profile.storyboard; path = RentalApp/Profile/Profile.storyboard; sourceTree = SOURCE_ROOT; };
		778C486324769C830046C727 /* MenuViewController.swift */ = {isa = PBXFileReference; lastKnownFileType = sourcecode.swift; path = MenuViewController.swift; sourceTree = "<group>"; };
		779394B72474490C0071438F /* User.swift */ = {isa = PBXFileReference; lastKnownFileType = sourcecode.swift; path = User.swift; sourceTree = "<group>"; };
		779394BA247451B90071438F /* TextField.swift */ = {isa = PBXFileReference; lastKnownFileType = sourcecode.swift; path = TextField.swift; sourceTree = "<group>"; };
		779394BC247455570071438F /* ViewController.swift */ = {isa = PBXFileReference; lastKnownFileType = sourcecode.swift; path = ViewController.swift; sourceTree = "<group>"; };
		77BB01A52476F222004483E9 /* AdminViewController.swift */ = {isa = PBXFileReference; lastKnownFileType = sourcecode.swift; path = AdminViewController.swift; sourceTree = "<group>"; };
		77BB01A72476F22A004483E9 /* Admin.storyboard */ = {isa = PBXFileReference; lastKnownFileType = file.storyboard; path = Admin.storyboard; sourceTree = "<group>"; };
		77BB01AA2476F730004483E9 /* Apartment.swift */ = {isa = PBXFileReference; lastKnownFileType = sourcecode.swift; path = Apartment.swift; sourceTree = "<group>"; };
		77BB01AC2476F7D9004483E9 /* ApartmentTableViewCell.swift */ = {isa = PBXFileReference; lastKnownFileType = sourcecode.swift; path = ApartmentTableViewCell.swift; sourceTree = "<group>"; };
		77BB01AE2476F7EE004483E9 /* ApartmentTableViewCell.xib */ = {isa = PBXFileReference; lastKnownFileType = file.xib; path = ApartmentTableViewCell.xib; sourceTree = "<group>"; };
		77BB01B12476FA17004483E9 /* ImageView.swift */ = {isa = PBXFileReference; lastKnownFileType = sourcecode.swift; path = ImageView.swift; sourceTree = "<group>"; };
		77BB01B3247702BB004483E9 /* NewApartmentViewController.swift */ = {isa = PBXFileReference; lastKnownFileType = sourcecode.swift; path = NewApartmentViewController.swift; sourceTree = "<group>"; };
		77BF0C8A2472F1E8007E422B /* RentalApp.app */ = {isa = PBXFileReference; explicitFileType = wrapper.application; includeInIndex = 0; path = RentalApp.app; sourceTree = BUILT_PRODUCTS_DIR; };
		77BF0C8D2472F1E8007E422B /* AppDelegate.swift */ = {isa = PBXFileReference; lastKnownFileType = sourcecode.swift; path = AppDelegate.swift; sourceTree = "<group>"; };
		77BF0C8F2472F1E8007E422B /* SceneDelegate.swift */ = {isa = PBXFileReference; lastKnownFileType = sourcecode.swift; path = SceneDelegate.swift; sourceTree = "<group>"; };
		77BF0C912472F1E8007E422B /* InitialViewController.swift */ = {isa = PBXFileReference; lastKnownFileType = sourcecode.swift; path = InitialViewController.swift; sourceTree = "<group>"; };
		77BF0C942472F1E8007E422B /* Base */ = {isa = PBXFileReference; lastKnownFileType = file.storyboard; name = Base; path = Base.lproj/Main.storyboard; sourceTree = "<group>"; };
		77BF0C962472F1EB007E422B /* Assets.xcassets */ = {isa = PBXFileReference; lastKnownFileType = folder.assetcatalog; path = Assets.xcassets; sourceTree = "<group>"; };
		77BF0C992472F1EB007E422B /* Base */ = {isa = PBXFileReference; lastKnownFileType = file.storyboard; name = Base; path = Base.lproj/LaunchScreen.storyboard; sourceTree = "<group>"; };
		77BF0C9B2472F1EB007E422B /* Info.plist */ = {isa = PBXFileReference; lastKnownFileType = text.plist.xml; path = Info.plist; sourceTree = "<group>"; };
		77BF0CA12472F64A007E422B /* SignInViewController.swift */ = {isa = PBXFileReference; lastKnownFileType = sourcecode.swift; path = SignInViewController.swift; sourceTree = "<group>"; };
		77BF0CA32472F652007E422B /* SignUpViewController.swift */ = {isa = PBXFileReference; lastKnownFileType = sourcecode.swift; path = SignUpViewController.swift; sourceTree = "<group>"; };
		77BF0CAA2472F6F3007E422B /* SignIn.storyboard */ = {isa = PBXFileReference; lastKnownFileType = file.storyboard; name = SignIn.storyboard; path = RentalApp/SignIn/SignIn.storyboard; sourceTree = SOURCE_ROOT; };
		77BF0CAC2472F73D007E422B /* SignUp.storyboard */ = {isa = PBXFileReference; lastKnownFileType = file.storyboard; path = SignUp.storyboard; sourceTree = "<group>"; };
		C84E9ABE7CF31E94DD3BB5C0 /* Pods_RentalApp.framework */ = {isa = PBXFileReference; explicitFileType = wrapper.framework; includeInIndex = 0; path = Pods_RentalApp.framework; sourceTree = BUILT_PRODUCTS_DIR; };
		FE08AE9A3B11875E87D982D0 /* Pods-RentalApp.debug.xcconfig */ = {isa = PBXFileReference; includeInIndex = 1; lastKnownFileType = text.xcconfig; name = "Pods-RentalApp.debug.xcconfig"; path = "Target Support Files/Pods-RentalApp/Pods-RentalApp.debug.xcconfig"; sourceTree = "<group>"; };
/* End PBXFileReference section */

/* Begin PBXFrameworksBuildPhase section */
		77BF0C872472F1E8007E422B /* Frameworks */ = {
			isa = PBXFrameworksBuildPhase;
			buildActionMask = 2147483647;
			files = (
				0660939291000901334B975B /* Pods_RentalApp.framework in Frameworks */,
			);
			runOnlyForDeploymentPostprocessing = 0;
		};
/* End PBXFrameworksBuildPhase section */

/* Begin PBXGroup section */
		288B65811AE3E007566C32F8 /* Frameworks */ = {
			isa = PBXGroup;
			children = (
				C84E9ABE7CF31E94DD3BB5C0 /* Pods_RentalApp.framework */,
			);
			name = Frameworks;
			sourceTree = "<group>";
		};
		7757E78B24795B4000FDE31A /* Apartments */ = {
			isa = PBXGroup;
			children = (
				7757E78C24795BE900FDE31A /* Apartments.storyboard */,
				7757E78E24795C0600FDE31A /* ApartmentsViewController.swift */,
				7757E7902479673900FDE31A /* ApartmentViewController.swift */,
			);
			path = Apartments;
			sourceTree = "<group>";
		};
		7757E792247AA01100FDE31A /* Booking */ = {
			isa = PBXGroup;
			children = (
				7757E793247AA02300FDE31A /* Booking.storyboard */,
				7757E795247AA03000FDE31A /* BookingViewController.swift */,
			);
			path = Booking;
			sourceTree = "<group>";
		};
		7757E797247AB20C00FDE31A /* BookingsList */ = {
			isa = PBXGroup;
			children = (
				7757E79C247AB2DA00FDE31A /* BookingCell */,
				7757E798247AB22D00FDE31A /* BookingsList.storyboard */,
				7757E79A247AB24400FDE31A /* BookingsListViewController.swift */,
			);
			path = BookingsList;
			sourceTree = "<group>";
		};
		7757E79C247AB2DA00FDE31A /* BookingCell */ = {
			isa = PBXGroup;
			children = (
				7757E79D247AB31500FDE31A /* BookingTableViewCell.swift */,
				7757E79E247AB31500FDE31A /* BookingTableViewCell.xib */,
			);
			path = BookingCell;
			sourceTree = "<group>";
		};
		778C485E2476980D0046C727 /* Profile */ = {
			isa = PBXGroup;
			children = (
				778C485F247698190046C727 /* ProfileViewController.swift */,
				778C48612476982E0046C727 /* Profile.storyboard */,
			);
			path = Profile;
			sourceTree = "<group>";
		};
		779394B9247451AE0071438F /* Extensions */ = {
			isa = PBXGroup;
			children = (
				779394BA247451B90071438F /* TextField.swift */,
				779394BC247455570071438F /* ViewController.swift */,
				77BB01B12476FA17004483E9 /* ImageView.swift */,
			);
			path = Extensions;
			sourceTree = "<group>";
		};
		779394BE247457100071438F /* Menu */ = {
			isa = PBXGroup;
			children = (
				778C485C247695210046C727 /* Menu.storyboard */,
				778C486324769C830046C727 /* MenuViewController.swift */,
			);
			path = Menu;
			sourceTree = "<group>";
		};
		77BB01A42476F1FC004483E9 /* Admin */ = {
			isa = PBXGroup;
			children = (
				77BB01B02476F942004483E9 /* ApartmentCell */,
				77BB01A52476F222004483E9 /* AdminViewController.swift */,
				77BB01B3247702BB004483E9 /* NewApartmentViewController.swift */,
				77BB01A72476F22A004483E9 /* Admin.storyboard */,
			);
			path = Admin;
			sourceTree = "<group>";
		};
		77BB01A92476F71D004483E9 /* Modal Objects */ = {
			isa = PBXGroup;
			children = (
				779394B72474490C0071438F /* User.swift */,
				77BB01AA2476F730004483E9 /* Apartment.swift */,
				7757E7A1247AB3FC00FDE31A /* Booking.swift */,
			);
			path = "Modal Objects";
			sourceTree = "<group>";
		};
		77BB01B02476F942004483E9 /* ApartmentCell */ = {
			isa = PBXGroup;
			children = (
				77BB01AC2476F7D9004483E9 /* ApartmentTableViewCell.swift */,
				77BB01AE2476F7EE004483E9 /* ApartmentTableViewCell.xib */,
			);
			path = ApartmentCell;
			sourceTree = "<group>";
		};
		77BF0C812472F1E8007E422B = {
			isa = PBXGroup;
			children = (
				77BF0C8C2472F1E8007E422B /* RentalApp */,
				77BF0C8B2472F1E8007E422B /* Products */,
				F50C26BC98AF95B67BB3733B /* Pods */,
				288B65811AE3E007566C32F8 /* Frameworks */,
			);
			sourceTree = "<group>";
		};
		77BF0C8B2472F1E8007E422B /* Products */ = {
			isa = PBXGroup;
			children = (
				77BF0C8A2472F1E8007E422B /* RentalApp.app */,
			);
			name = Products;
			sourceTree = "<group>";
		};
		77BF0C8C2472F1E8007E422B /* RentalApp */ = {
			isa = PBXGroup;
			children = (
				7757E797247AB20C00FDE31A /* BookingsList */,
				7757E792247AA01100FDE31A /* Booking */,
				7757E78B24795B4000FDE31A /* Apartments */,
				77BB01A92476F71D004483E9 /* Modal Objects */,
				77BB01A42476F1FC004483E9 /* Admin */,
				778C485E2476980D0046C727 /* Profile */,
				779394BE247457100071438F /* Menu */,
				779394B9247451AE0071438F /* Extensions */,
				77BF0CA62472F685007E422B /* SignIn */,
				77BF0CA72472F690007E422B /* SignUp */,
				77BF0CA52472F66B007E422B /* Initial */,
				77BF0C8D2472F1E8007E422B /* AppDelegate.swift */,
				77BF0C8F2472F1E8007E422B /* SceneDelegate.swift */,
				77BF0C962472F1EB007E422B /* Assets.xcassets */,
				77BF0C9B2472F1EB007E422B /* Info.plist */,
				778C485A247694DB0046C727 /* GlobalData.swift */,
			);
			path = RentalApp;
			sourceTree = "<group>";
		};
		77BF0CA52472F66B007E422B /* Initial */ = {
			isa = PBXGroup;
			children = (
				7757E7892479292100FDE31A /* StartViewController.swift */,
				77BF0C912472F1E8007E422B /* InitialViewController.swift */,
				77BF0C932472F1E8007E422B /* Main.storyboard */,
				77BF0C982472F1EB007E422B /* LaunchScreen.storyboard */,
			);
			path = Initial;
			sourceTree = "<group>";
		};
		77BF0CA62472F685007E422B /* SignIn */ = {
			isa = PBXGroup;
			children = (
				77BF0CA12472F64A007E422B /* SignInViewController.swift */,
				77BF0CAA2472F6F3007E422B /* SignIn.storyboard */,
			);
			path = SignIn;
			sourceTree = "<group>";
		};
		77BF0CA72472F690007E422B /* SignUp */ = {
			isa = PBXGroup;
			children = (
				77BF0CA32472F652007E422B /* SignUpViewController.swift */,
				77BF0CAC2472F73D007E422B /* SignUp.storyboard */,
			);
			path = SignUp;
			sourceTree = "<group>";
		};
		F50C26BC98AF95B67BB3733B /* Pods */ = {
			isa = PBXGroup;
			children = (
				FE08AE9A3B11875E87D982D0 /* Pods-RentalApp.debug.xcconfig */,
				2B1F8739A16394529F446FB7 /* Pods-RentalApp.release.xcconfig */,
			);
			path = Pods;
			sourceTree = "<group>";
		};
/* End PBXGroup section */

/* Begin PBXNativeTarget section */
		77BF0C892472F1E8007E422B /* RentalApp */ = {
			isa = PBXNativeTarget;
			buildConfigurationList = 77BF0C9E2472F1EB007E422B /* Build configuration list for PBXNativeTarget "RentalApp" */;
			buildPhases = (
				8EC3D2686EB770ACAC250669 /* [CP] Check Pods Manifest.lock */,
				77BF0C862472F1E8007E422B /* Sources */,
				77BF0C872472F1E8007E422B /* Frameworks */,
				77BF0C882472F1E8007E422B /* Resources */,
				FBEE09DE4EBFD1AD7A9AA6B5 /* [CP] Embed Pods Frameworks */,
			);
			buildRules = (
			);
			dependencies = (
			);
			name = RentalApp;
			productName = RentalApp;
			productReference = 77BF0C8A2472F1E8007E422B /* RentalApp.app */;
			productType = "com.apple.product-type.application";
		};
/* End PBXNativeTarget section */

/* Begin PBXProject section */
		77BF0C822472F1E8007E422B /* Project object */ = {
			isa = PBXProject;
			attributes = {
				LastSwiftUpdateCheck = 1130;
				LastUpgradeCheck = 1130;
				ORGANIZATIONNAME = alejinjer;
				TargetAttributes = {
					77BF0C892472F1E8007E422B = {
						CreatedOnToolsVersion = 11.3;
					};
				};
			};
			buildConfigurationList = 77BF0C852472F1E8007E422B /* Build configuration list for PBXProject "RentalApp" */;
			compatibilityVersion = "Xcode 9.3";
			developmentRegion = en;
			hasScannedForEncodings = 0;
			knownRegions = (
				en,
				Base,
			);
			mainGroup = 77BF0C812472F1E8007E422B;
			productRefGroup = 77BF0C8B2472F1E8007E422B /* Products */;
			projectDirPath = "";
			projectRoot = "";
			targets = (
				77BF0C892472F1E8007E422B /* RentalApp */,
			);
		};
/* End PBXProject section */

/* Begin PBXResourcesBuildPhase section */
		77BF0C882472F1E8007E422B /* Resources */ = {
			isa = PBXResourcesBuildPhase;
			buildActionMask = 2147483647;
			files = (
				77BB01A82476F22A004483E9 /* Admin.storyboard in Resources */,
				77BF0CAB2472F6F3007E422B /* SignIn.storyboard in Resources */,
				77BF0C9A2472F1EB007E422B /* LaunchScreen.storyboard in Resources */,
				77BF0C972472F1EB007E422B /* Assets.xcassets in Resources */,
				778C485D247695210046C727 /* Menu.storyboard in Resources */,
				77BF0C952472F1E8007E422B /* Main.storyboard in Resources */,
				7757E799247AB22D00FDE31A /* BookingsList.storyboard in Resources */,
				7757E7A0247AB31500FDE31A /* BookingTableViewCell.xib in Resources */,
				7757E78D24795BE900FDE31A /* Apartments.storyboard in Resources */,
				778C48622476982E0046C727 /* Profile.storyboard in Resources */,
				77BF0CAD2472F73D007E422B /* SignUp.storyboard in Resources */,
				77BB01AF2476F7EE004483E9 /* ApartmentTableViewCell.xib in Resources */,
				7757E794247AA02300FDE31A /* Booking.storyboard in Resources */,
			);
			runOnlyForDeploymentPostprocessing = 0;
		};
/* End PBXResourcesBuildPhase section */

/* Begin PBXShellScriptBuildPhase section */
		8EC3D2686EB770ACAC250669 /* [CP] Check Pods Manifest.lock */ = {
			isa = PBXShellScriptBuildPhase;
			buildActionMask = 2147483647;
			files = (
			);
			inputFileListPaths = (
			);
			inputPaths = (
				"${PODS_PODFILE_DIR_PATH}/Podfile.lock",
				"${PODS_ROOT}/Manifest.lock",
			);
			name = "[CP] Check Pods Manifest.lock";
			outputFileListPaths = (
			);
			outputPaths = (
				"$(DERIVED_FILE_DIR)/Pods-RentalApp-checkManifestLockResult.txt",
			);
			runOnlyForDeploymentPostprocessing = 0;
			shellPath = /bin/sh;
			shellScript = "diff \"${PODS_PODFILE_DIR_PATH}/Podfile.lock\" \"${PODS_ROOT}/Manifest.lock\" > /dev/null\nif [ $? != 0 ] ; then\n    # print error to STDERR\n    echo \"error: The sandbox is not in sync with the Podfile.lock. Run 'pod install' or update your CocoaPods installation.\" >&2\n    exit 1\nfi\n# This output is used by Xcode 'outputs' to avoid re-running this script phase.\necho \"SUCCESS\" > \"${SCRIPT_OUTPUT_FILE_0}\"\n";
			showEnvVarsInLog = 0;
		};
		FBEE09DE4EBFD1AD7A9AA6B5 /* [CP] Embed Pods Frameworks */ = {
			isa = PBXShellScriptBuildPhase;
			buildActionMask = 2147483647;
			files = (
			);
			inputFileListPaths = (
				"${PODS_ROOT}/Target Support Files/Pods-RentalApp/Pods-RentalApp-frameworks-${CONFIGURATION}-input-files.xcfilelist",
			);
			name = "[CP] Embed Pods Frameworks";
			outputFileListPaths = (
				"${PODS_ROOT}/Target Support Files/Pods-RentalApp/Pods-RentalApp-frameworks-${CONFIGURATION}-output-files.xcfilelist",
			);
			runOnlyForDeploymentPostprocessing = 0;
			shellPath = /bin/sh;
			shellScript = "\"${PODS_ROOT}/Target Support Files/Pods-RentalApp/Pods-RentalApp-frameworks.sh\"\n";
			showEnvVarsInLog = 0;
		};
/* End PBXShellScriptBuildPhase section */

/* Begin PBXSourcesBuildPhase section */
		77BF0C862472F1E8007E422B /* Sources */ = {
			isa = PBXSourcesBuildPhase;
			buildActionMask = 2147483647;
			files = (
				77BB01B4247702BB004483E9 /* NewApartmentViewController.swift in Sources */,
				7757E78F24795C0600FDE31A /* ApartmentsViewController.swift in Sources */,
				77BB01A62476F222004483E9 /* AdminViewController.swift in Sources */,
				7757E79F247AB31500FDE31A /* BookingTableViewCell.swift in Sources */,
				77BF0CA22472F64A007E422B /* SignInViewController.swift in Sources */,
				77BF0C922472F1E8007E422B /* InitialViewController.swift in Sources */,
				7757E7912479673900FDE31A /* ApartmentViewController.swift in Sources */,
				778C4860247698190046C727 /* ProfileViewController.swift in Sources */,
				7757E79B247AB24400FDE31A /* BookingsListViewController.swift in Sources */,
				779394B82474490C0071438F /* User.swift in Sources */,
				778C486424769C830046C727 /* MenuViewController.swift in Sources */,
				77BB01B22476FA17004483E9 /* ImageView.swift in Sources */,
				779394BB247451B90071438F /* TextField.swift in Sources */,
				77BF0C8E2472F1E8007E422B /* AppDelegate.swift in Sources */,
				7757E78A2479292100FDE31A /* StartViewController.swift in Sources */,
				77BF0C902472F1E8007E422B /* SceneDelegate.swift in Sources */,
				778C485B247694DB0046C727 /* GlobalData.swift in Sources */,
				77BB01AD2476F7D9004483E9 /* ApartmentTableViewCell.swift in Sources */,
				779394BD247455570071438F /* ViewController.swift in Sources */,
				77BB01AB2476F730004483E9 /* Apartment.swift in Sources */,
				7757E796247AA03000FDE31A /* BookingViewController.swift in Sources */,
				77BF0CA42472F652007E422B /* SignUpViewController.swift in Sources */,
				7757E7A2247AB3FC00FDE31A /* Booking.swift in Sources */,
			);
			runOnlyForDeploymentPostprocessing = 0;
		};
/* End PBXSourcesBuildPhase section */

/* Begin PBXVariantGroup section */
		77BF0C932472F1E8007E422B /* Main.storyboard */ = {
			isa = PBXVariantGroup;
			children = (
				77BF0C942472F1E8007E422B /* Base */,
			);
			name = Main.storyboard;
			sourceTree = "<group>";
		};
		77BF0C982472F1EB007E422B /* LaunchScreen.storyboard */ = {
			isa = PBXVariantGroup;
			children = (
				77BF0C992472F1EB007E422B /* Base */,
			);
			name = LaunchScreen.storyboard;
			sourceTree = "<group>";
		};
/* End PBXVariantGroup section */

/* Begin XCBuildConfiguration section */
		77BF0C9C2472F1EB007E422B /* Debug */ = {
			isa = XCBuildConfiguration;
			buildSettings = {
				ALWAYS_SEARCH_USER_PATHS = NO;
				CLANG_ANALYZER_NONNULL = YES;
				CLANG_ANALYZER_NUMBER_OBJECT_CONVERSION = YES_AGGRESSIVE;
				CLANG_CXX_LANGUAGE_STANDARD = "gnu++14";
				CLANG_CXX_LIBRARY = "libc++";
				CLANG_ENABLE_MODULES = YES;
				CLANG_ENABLE_OBJC_ARC = YES;
				CLANG_ENABLE_OBJC_WEAK = YES;
				CLANG_WARN_BLOCK_CAPTURE_AUTORELEASING = YES;
				CLANG_WARN_BOOL_CONVERSION = YES;
				CLANG_WARN_COMMA = YES;
				CLANG_WARN_CONSTANT_CONVERSION = YES;
				CLANG_WARN_DEPRECATED_OBJC_IMPLEMENTATIONS = YES;
				CLANG_WARN_DIRECT_OBJC_ISA_USAGE = YES_ERROR;
				CLANG_WARN_DOCUMENTATION_COMMENTS = YES;
				CLANG_WARN_EMPTY_BODY = YES;
				CLANG_WARN_ENUM_CONVERSION = YES;
				CLANG_WARN_INFINITE_RECURSION = YES;
				CLANG_WARN_INT_CONVERSION = YES;
				CLANG_WARN_NON_LITERAL_NULL_CONVERSION = YES;
				CLANG_WARN_OBJC_IMPLICIT_RETAIN_SELF = YES;
				CLANG_WARN_OBJC_LITERAL_CONVERSION = YES;
				CLANG_WARN_OBJC_ROOT_CLASS = YES_ERROR;
				CLANG_WARN_RANGE_LOOP_ANALYSIS = YES;
				CLANG_WARN_STRICT_PROTOTYPES = YES;
				CLANG_WARN_SUSPICIOUS_MOVE = YES;
				CLANG_WARN_UNGUARDED_AVAILABILITY = YES_AGGRESSIVE;
				CLANG_WARN_UNREACHABLE_CODE = YES;
				CLANG_WARN__DUPLICATE_METHOD_MATCH = YES;
				COPY_PHASE_STRIP = NO;
				DEBUG_INFORMATION_FORMAT = dwarf;
				ENABLE_STRICT_OBJC_MSGSEND = YES;
				ENABLE_TESTABILITY = YES;
				GCC_C_LANGUAGE_STANDARD = gnu11;
				GCC_DYNAMIC_NO_PIC = NO;
				GCC_NO_COMMON_BLOCKS = YES;
				GCC_OPTIMIZATION_LEVEL = 0;
				GCC_PREPROCESSOR_DEFINITIONS = (
					"DEBUG=1",
					"$(inherited)",
				);
				GCC_WARN_64_TO_32_BIT_CONVERSION = YES;
				GCC_WARN_ABOUT_RETURN_TYPE = YES_ERROR;
				GCC_WARN_UNDECLARED_SELECTOR = YES;
				GCC_WARN_UNINITIALIZED_AUTOS = YES_AGGRESSIVE;
				GCC_WARN_UNUSED_FUNCTION = YES;
				GCC_WARN_UNUSED_VARIABLE = YES;
				IPHONEOS_DEPLOYMENT_TARGET = 13.2;
				MTL_ENABLE_DEBUG_INFO = INCLUDE_SOURCE;
				MTL_FAST_MATH = YES;
				ONLY_ACTIVE_ARCH = YES;
				SDKROOT = iphoneos;
				SWIFT_ACTIVE_COMPILATION_CONDITIONS = DEBUG;
				SWIFT_OPTIMIZATION_LEVEL = "-Onone";
			};
			name = Debug;
		};
		77BF0C9D2472F1EB007E422B /* Release */ = {
			isa = XCBuildConfiguration;
			buildSettings = {
				ALWAYS_SEARCH_USER_PATHS = NO;
				CLANG_ANALYZER_NONNULL = YES;
				CLANG_ANALYZER_NUMBER_OBJECT_CONVERSION = YES_AGGRESSIVE;
				CLANG_CXX_LANGUAGE_STANDARD = "gnu++14";
				CLANG_CXX_LIBRARY = "libc++";
				CLANG_ENABLE_MODULES = YES;
				CLANG_ENABLE_OBJC_ARC = YES;
				CLANG_ENABLE_OBJC_WEAK = YES;
				CLANG_WARN_BLOCK_CAPTURE_AUTORELEASING = YES;
				CLANG_WARN_BOOL_CONVERSION = YES;
				CLANG_WARN_COMMA = YES;
				CLANG_WARN_CONSTANT_CONVERSION = YES;
				CLANG_WARN_DEPRECATED_OBJC_IMPLEMENTATIONS = YES;
				CLANG_WARN_DIRECT_OBJC_ISA_USAGE = YES_ERROR;
				CLANG_WARN_DOCUMENTATION_COMMENTS = YES;
				CLANG_WARN_EMPTY_BODY = YES;
				CLANG_WARN_ENUM_CONVERSION = YES;
				CLANG_WARN_INFINITE_RECURSION = YES;
				CLANG_WARN_INT_CONVERSION = YES;
				CLANG_WARN_NON_LITERAL_NULL_CONVERSION = YES;
				CLANG_WARN_OBJC_IMPLICIT_RETAIN_SELF = YES;
				CLANG_WARN_OBJC_LITERAL_CONVERSION = YES;
				CLANG_WARN_OBJC_ROOT_CLASS = YES_ERROR;
				CLANG_WARN_RANGE_LOOP_ANALYSIS = YES;
				CLANG_WARN_STRICT_PROTOTYPES = YES;
				CLANG_WARN_SUSPICIOUS_MOVE = YES;
				CLANG_WARN_UNGUARDED_AVAILABILITY = YES_AGGRESSIVE;
				CLANG_WARN_UNREACHABLE_CODE = YES;
				CLANG_WARN__DUPLICATE_METHOD_MATCH = YES;
				COPY_PHASE_STRIP = NO;
				DEBUG_INFORMATION_FORMAT = "dwarf-with-dsym";
				ENABLE_NS_ASSERTIONS = NO;
				ENABLE_STRICT_OBJC_MSGSEND = YES;
				GCC_C_LANGUAGE_STANDARD = gnu11;
				GCC_NO_COMMON_BLOCKS = YES;
				GCC_WARN_64_TO_32_BIT_CONVERSION = YES;
				GCC_WARN_ABOUT_RETURN_TYPE = YES_ERROR;
				GCC_WARN_UNDECLARED_SELECTOR = YES;
				GCC_WARN_UNINITIALIZED_AUTOS = YES_AGGRESSIVE;
				GCC_WARN_UNUSED_FUNCTION = YES;
				GCC_WARN_UNUSED_VARIABLE = YES;
				IPHONEOS_DEPLOYMENT_TARGET = 13.2;
				MTL_ENABLE_DEBUG_INFO = NO;
				MTL_FAST_MATH = YES;
				SDKROOT = iphoneos;
				SWIFT_COMPILATION_MODE = wholemodule;
				SWIFT_OPTIMIZATION_LEVEL = "-O";
				VALIDATE_PRODUCT = YES;
			};
			name = Release;
		};
		77BF0C9F2472F1EB007E422B /* Debug */ = {
			isa = XCBuildConfiguration;
			baseConfigurationReference = FE08AE9A3B11875E87D982D0 /* Pods-RentalApp.debug.xcconfig */;
			buildSettings = {
				ASSETCATALOG_COMPILER_APPICON_NAME = AppIcon;
				CODE_SIGN_STYLE = Automatic;
				INFOPLIST_FILE = RentalApp/Info.plist;
				LD_RUNPATH_SEARCH_PATHS = (
					"$(inherited)",
					"@executable_path/Frameworks",
				);
				PRODUCT_BUNDLE_IDENTIFIER = alejinjer.RentalApp;
				PRODUCT_NAME = "$(TARGET_NAME)";
				SWIFT_VERSION = 5.0;
				TARGETED_DEVICE_FAMILY = 1;
			};
			name = Debug;
		};
		77BF0CA02472F1EB007E422B /* Release */ = {
			isa = XCBuildConfiguration;
			baseConfigurationReference = 2B1F8739A16394529F446FB7 /* Pods-RentalApp.release.xcconfig */;
			buildSettings = {
				ASSETCATALOG_COMPILER_APPICON_NAME = AppIcon;
				CODE_SIGN_STYLE = Automatic;
				INFOPLIST_FILE = RentalApp/Info.plist;
				LD_RUNPATH_SEARCH_PATHS = (
					"$(inherited)",
					"@executable_path/Frameworks",
				);
				PRODUCT_BUNDLE_IDENTIFIER = alejinjer.RentalApp;
				PRODUCT_NAME = "$(TARGET_NAME)";
				SWIFT_VERSION = 5.0;
				TARGETED_DEVICE_FAMILY = 1;
			};
			name = Release;
		};
/* End XCBuildConfiguration section */

/* Begin XCConfigurationList section */
		77BF0C852472F1E8007E422B /* Build configuration list for PBXProject "RentalApp" */ = {
			isa = XCConfigurationList;
			buildConfigurations = (
				77BF0C9C2472F1EB007E422B /* Debug */,
				77BF0C9D2472F1EB007E422B /* Release */,
			);
			defaultConfigurationIsVisible = 0;
			defaultConfigurationName = Release;
		};
		77BF0C9E2472F1EB007E422B /* Build configuration list for PBXNativeTarget "RentalApp" */ = {
			isa = XCConfigurationList;
			buildConfigurations = (
				77BF0C9F2472F1EB007E422B /* Debug */,
				77BF0CA02472F1EB007E422B /* Release */,
			);
			defaultConfigurationIsVisible = 0;
			defaultConfigurationName = Release;
		};
/* End XCConfigurationList section */
	};
	rootObject = 77BF0C822472F1E8007E422B /* Project object */;
}
